// !$*UTF8*$!
{
	archiveVersion = 1;
	classes = {
	};
	objectVersion = 46;
	objects = {

/* Begin PBXBuildFile section */
		FE7546FB1E6A19BF002EDA89 /* main.c in Sources */ = {isa = PBXBuildFile; fileRef = FE7546FA1E6A19BF002EDA89 /* main.c */; };
		FE7547051E6A1A14002EDA89 /* hash.c in Sources */ = {isa = PBXBuildFile; fileRef = FE7547011E6A1A14002EDA89 /* hash.c */; };
		FE7547061E6A1A14002EDA89 /* list.c in Sources */ = {isa = PBXBuildFile; fileRef = FE7547031E6A1A14002EDA89 /* list.c */; };
		FE7547091E6A1A4B002EDA89 /* map.c in Sources */ = {isa = PBXBuildFile; fileRef = FE7547071E6A1A4B002EDA89 /* map.c */; };
/* End PBXBuildFile section */

/* Begin PBXCopyFilesBuildPhase section */
		FE7546F51E6A19BF002EDA89 /* CopyFiles */ = {
			isa = PBXCopyFilesBuildPhase;
			buildActionMask = 2147483647;
			dstPath = /usr/share/man/man1/;
			dstSubfolderSpec = 0;
			files = (
			);
			runOnlyForDeploymentPostprocessing = 1;
		};
/* End PBXCopyFilesBuildPhase section */

/* Begin PBXFileReference section */
		FE7546F71E6A19BF002EDA89 /* hashmap */ = {isa = PBXFileReference; explicitFileType = "compiled.mach-o.executable"; includeInIndex = 0; path = hashmap; sourceTree = BUILT_PRODUCTS_DIR; };
		FE7546FA1E6A19BF002EDA89 /* main.c */ = {isa = PBXFileReference; lastKnownFileType = sourcecode.c.c; path = main.c; sourceTree = "<group>"; };
		FE7547011E6A1A14002EDA89 /* hash.c */ = {isa = PBXFileReference; fileEncoding = 4; lastKnownFileType = sourcecode.c.c; path = hash.c; sourceTree = "<group>"; };
		FE7547021E6A1A14002EDA89 /* hash.h */ = {isa = PBXFileReference; fileEncoding = 4; lastKnownFileType = sourcecode.c.h; path = hash.h; sourceTree = "<group>"; };
		FE7547031E6A1A14002EDA89 /* list.c */ = {isa = PBXFileReference; fileEncoding = 4; lastKnownFileType = sourcecode.c.c; path = list.c; sourceTree = "<group>"; };
		FE7547041E6A1A14002EDA89 /* list.h */ = {isa = PBXFileReference; fileEncoding = 4; lastKnownFileType = sourcecode.c.h; path = list.h; sourceTree = "<group>"; };
		FE7547071E6A1A4B002EDA89 /* map.c */ = {isa = PBXFileReference; fileEncoding = 4; lastKnownFileType = sourcecode.c.c; path = map.c; sourceTree = "<group>"; };
		FE7547081E6A1A4B002EDA89 /* map.h */ = {isa = PBXFileReference; fileEncoding = 4; lastKnownFileType = sourcecode.c.h; path = map.h; sourceTree = "<group>"; };
/* End PBXFileReference section */

/* Begin PBXFrameworksBuildPhase section */
		FE7546F41E6A19BF002EDA89 /* Frameworks */ = {
			isa = PBXFrameworksBuildPhase;
			buildActionMask = 2147483647;
			files = (
			);
			runOnlyForDeploymentPostprocessing = 0;
		};
/* End PBXFrameworksBuildPhase section */

/* Begin PBXGroup section */
		FE7546EE1E6A19BF002EDA89 = {
			isa = PBXGroup;
			children = (
				FE7546F91E6A19BF002EDA89 /* hashmap */,
				FE7546F81E6A19BF002EDA89 /* Products */,
			);
			sourceTree = "<group>";
		};
		FE7546F81E6A19BF002EDA89 /* Products */ = {
			isa = PBXGroup;
			children = (
				FE7546F71E6A19BF002EDA89 /* hashmap */,
			);
			name = Products;
			sourceTree = "<group>";
		};
		FE7546F91E6A19BF002EDA89 /* hashmap */ = {
			isa = PBXGroup;
			children = (
				FE7547011E6A1A14002EDA89 /* hash.c */,
				FE7547021E6A1A14002EDA89 /* hash.h */,
				FE7547031E6A1A14002EDA89 /* list.c */,
				FE7547041E6A1A14002EDA89 /* list.h */,
				FE7546FA1E6A19BF002EDA89 /* main.c */,
				FE7547071E6A1A4B002EDA89 /* map.c */,
				FE7547081E6A1A4B002EDA89 /* map.h */,
			);
			path = hashmap;
			sourceTree = "<group>";
		};
/* End PBXGroup section */

/* Begin PBXNativeTarget section */
		FE7546F61E6A19BF002EDA89 /* hashmap */ = {
			isa = PBXNativeTarget;
			buildConfigurationList = FE7546FE1E6A19BF002EDA89 /* Build configuration list for PBXNativeTarget "hashmap" */;
			buildPhases = (
				FE7546F31E6A19BF002EDA89 /* Sources */,
				FE7546F41E6A19BF002EDA89 /* Frameworks */,
				FE7546F51E6A19BF002EDA89 /* CopyFiles */,
			);
			buildRules = (
			);
			dependencies = (
			);
			name = hashmap;
			productName = hashmap;
			productReference = FE7546F71E6A19BF002EDA89 /* hashmap */;
			productType = "com.apple.product-type.tool";
		};
/* End PBXNativeTarget section */

/* Begin PBXProject section */
		FE7546EF1E6A19BF002EDA89 /* Project object */ = {
			isa = PBXProject;
			attributes = {
				LastUpgradeCheck = 0810;
				ORGANIZATIONNAME = yuyi;
				TargetAttributes = {
					FE7546F61E6A19BF002EDA89 = {
						CreatedOnToolsVersion = 8.1;
						ProvisioningStyle = Automatic;
					};
				};
			};
			buildConfigurationList = FE7546F21E6A19BF002EDA89 /* Build configuration list for PBXProject "hashmap" */;
			compatibilityVersion = "Xcode 3.2";
			developmentRegion = English;
			hasScannedForEncodings = 0;
			knownRegions = (
				en,
			);
			mainGroup = FE7546EE1E6A19BF002EDA89;
			productRefGroup = FE7546F81E6A19BF002EDA89 /* Products */;
			projectDirPath = "";
			projectRoot = "";
			targets = (
				FE7546F61E6A19BF002EDA89 /* hashmap */,
			);
		};
/* End PBXProject section */

/* Begin PBXSourcesBuildPhase section */
		FE7546F31E6A19BF002EDA89 /* Sources */ = {
			isa = PBXSourcesBuildPhase;
			buildActionMask = 2147483647;
			files = (
				FE7547091E6A1A4B002EDA89 /* map.c in Sources */,
				FE7547061E6A1A14002EDA89 /* list.c in Sources */,
				FE7546FB1E6A19BF002EDA89 /* main.c in Sources */,
				FE7547051E6A1A14002EDA89 /* hash.c in Sources */,
			);
			runOnlyForDeploymentPostprocessing = 0;
		};
/* End PBXSourcesBuildPhase section */

/* Begin XCBuildConfiguration section */
		FE7546FC1E6A19BF002EDA89 /* Debug */ = {
			isa = XCBuildConfiguration;
			buildSettings = {
				ALWAYS_SEARCH_USER_PATHS = NO;
				CLANG_ANALYZER_NONNULL = YES;
				CLANG_CXX_LANGUAGE_STANDARD = "gnu++0x";
				CLANG_CXX_LIBRARY = "libc++";
				CLANG_ENABLE_MODULES = YES;
				CLANG_ENABLE_OBJC_ARC = YES;
				CLANG_WARN_BOOL_CONVERSION = YES;
				CLANG_WARN_CONSTANT_CONVERSION = YES;
				CLANG_WARN_DIRECT_OBJC_ISA_USAGE = YES_ERROR;
				CLANG_WARN_DOCUMENTATION_COMMENTS = YES;
				CLANG_WARN_EMPTY_BODY = YES;
				CLANG_WARN_ENUM_CONVERSION = YES;
				CLANG_WARN_INFINITE_RECURSION = YES;
				CLANG_WARN_INT_CONVERSION = YES;
				CLANG_WARN_OBJC_ROOT_CLASS = YES_ERROR;
				CLANG_WARN_SUSPICIOUS_MOVES = YES;
				CLANG_WARN_UNREACHABLE_CODE = YES;
				CLANG_WARN__DUPLICATE_METHOD_MATCH = YES;
				CODE_SIGN_IDENTITY = "-";
				COPY_PHASE_STRIP = NO;
				DEBUG_INFORMATION_FORMAT = dwarf;
				ENABLE_STRICT_OBJC_MSGSEND = YES;
				ENABLE_TESTABILITY = YES;
				GCC_C_LANGUAGE_STANDARD = gnu99;
				GCC_DYNAMIC_NO_PIC = NO;
				GCC_NO_COMMON_BLOCKS = YES;
				GCC_OPTIMIZATION_LEVEL = 0;
				GCC_PREPROCESSOR_DEFINITIONS = (
					"DEBUG=1",
					"$(inherited)",
				);
				GCC_WARN_64_TO_32_BIT_CONVERSION = YES;
				GCC_WARN_ABOUT_RETURN_TYPE = YES_ERROR;
				GCC_WARN_UNDECLARED_SELECTOR = YES;
				GCC_WARN_UNINITIALIZED_AUTOS = YES_AGGRESSIVE;
				GCC_WARN_UNUSED_FUNCTION = YES;
				GCC_WARN_UNUSED_VARIABLE = YES;
				MACOSX_DEPLOYMENT_TARGET = 10.11;
				MTL_ENABLE_DEBUG_INFO = YES;
				ONLY_ACTIVE_ARCH = YES;
				SDKROOT = macosx;
			};
			name = Debug;
		};
		FE7546FD1E6A19BF002EDA89 /* Release */ = {
			isa = XCBuildConfiguration;
			buildSettings = {
				ALWAYS_SEARCH_USER_PATHS = NO;
				CLANG_ANALYZER_NONNULL = YES;
				CLANG_CXX_LANGUAGE_STANDARD = "gnu++0x";
				CLANG_CXX_LIBRARY = "libc++";
				CLANG_ENABLE_MODULES = YES;
				CLANG_ENABLE_OBJC_ARC = YES;
				CLANG_WARN_BOOL_CONVERSION = YES;
				CLANG_WARN_CONSTANT_CONVERSION = YES;
				CLANG_WARN_DIRECT_OBJC_ISA_USAGE = YES_ERROR;
				CLANG_WARN_DOCUMENTATION_COMMENTS = YES;
				CLANG_WARN_EMPTY_BODY = YES;
				CLANG_WARN_ENUM_CONVERSION = YES;
				CLANG_WARN_INFINITE_RECURSION = YES;
				CLANG_WARN_INT_CONVERSION = YES;
				CLANG_WARN_OBJC_ROOT_CLASS = YES_ERROR;
				CLANG_WARN_SUSPICIOUS_MOVES = YES;
				CLANG_WARN_UNREACHABLE_CODE = YES;
				CLANG_WARN__DUPLICATE_METHOD_MATCH = YES;
				CODE_SIGN_IDENTITY = "-";
				COPY_PHASE_STRIP = NO;
				DEBUG_INFORMATION_FORMAT = "dwarf-with-dsym";
				ENABLE_NS_ASSERTIONS = NO;
				ENABLE_STRICT_OBJC_MSGSEND = YES;
				GCC_C_LANGUAGE_STANDARD = gnu99;
				GCC_NO_COMMON_BLOCKS = YES;
				GCC_WARN_64_TO_32_BIT_CONVERSION = YES;
				GCC_WARN_ABOUT_RETURN_TYPE = YES_ERROR;
				GCC_WARN_UNDECLARED_SELECTOR = YES;
				GCC_WARN_UNINITIALIZED_AUTOS = YES_AGGRESSIVE;
				GCC_WARN_UNUSED_FUNCTION = YES;
				GCC_WARN_UNUSED_VARIABLE = YES;
				MACOSX_DEPLOYMENT_TARGET = 10.11;
				MTL_ENABLE_DEBUG_INFO = NO;
				SDKROOT = macosx;
			};
			name = Release;
		};
		FE7546FF1E6A19BF002EDA89 /* Debug */ = {
			isa = XCBuildConfiguration;
			buildSettings = {
				PRODUCT_NAME = "$(TARGET_NAME)";
			};
			name = Debug;
		};
		FE7547001E6A19BF002EDA89 /* Release */ = {
			isa = XCBuildConfiguration;
			buildSettings = {
				PRODUCT_NAME = "$(TARGET_NAME)";
			};
			name = Release;
		};
/* End XCBuildConfiguration section */

/* Begin XCConfigurationList section */
		FE7546F21E6A19BF002EDA89 /* Build configuration list for PBXProject "hashmap" */ = {
			isa = XCConfigurationList;
			buildConfigurations = (
				FE7546FC1E6A19BF002EDA89 /* Debug */,
				FE7546FD1E6A19BF002EDA89 /* Release */,
			);
			defaultConfigurationIsVisible = 0;
			defaultConfigurationName = Release;
		};
		FE7546FE1E6A19BF002EDA89 /* Build configuration list for PBXNativeTarget "hashmap" */ = {
			isa = XCConfigurationList;
			buildConfigurations = (
				FE7546FF1E6A19BF002EDA89 /* Debug */,
				FE7547001E6A19BF002EDA89 /* Release */,
			);
			defaultConfigurationIsVisible = 0;
		};
/* End XCConfigurationList section */
	};
	rootObject = FE7546EF1E6A19BF002EDA89 /* Project object */;
}
